{
  "object": {
    "pins": [
      {
        "package": "WWCameraPickerController",
        "repositoryURL": "https://github.com/William-Weng/WWCameraPickerController",
        "state": {
          "branch": "main",
          "revision": "612a584d210f0f8608094efa664f9a67d254424a",
          "version": null
        }
      },
      {
        "package": "WWPrint",
        "repositoryURL": "https://github.com/William-Weng/WWPrint",
        "state": {
          "branch": null,
          "revision": "e4ad2863717465f224aa676f10a3a7ff1df58f7c",
          "version": "1.0.0"
        }
      }
    ]
  },
  "version": 1
}
